
Microsoft Visual Studio Solution File, Format Version 12.00
# Visual Studio Version 17
VisualStudioVersion = 17.0.31903.59
MinimumVisualStudioVersion = 10.0.40219.1
Project("{2150E333-8FDC-42A3-9474-1A3956D46DE8}") = "src", "src", "{FB544BBE-FA78-4FE6-A96C-1AC6CDA6CD66}"
EndProject
Project("{FAE04EC0-301F-11D3-BF4B-00C04F79EFBC}") = "SchoolERP.Domain", "src\SchoolERP.Domain\SchoolERP.Domain.csproj", "{BABECDA1-FDD3-4C5F-9657-40B9014DA42D}"
EndProject
Project("{FAE04EC0-301F-11D3-BF4B-00C04F79EFBC}") = "SchoolERP.Application", "src\SchoolERP.Application\SchoolERP.Application.csproj", "{8142926E-8E67-414C-BC8D-7D4553886EE0}"
EndProject
Project("{FAE04EC0-301F-11D3-BF4B-00C04F79EFBC}") = "SchoolERP.Infrastructure", "src\SchoolERP.Infrastructure\SchoolERP.Infrastructure.csproj", "{A5353BC7-D53C-4A0B-839D-5762ABB0C776}"
EndProject
Project("{FAE04EC0-301F-11D3-BF4B-00C04F79EFBC}") = "SchoolERP.Api", "src\SchoolERP.Api\SchoolERP.Api.csproj", "{F3692FF0-D2F5-44E3-BD60-7DA8863FE22F}"
EndProject
Global
	GlobalSection(SolutionConfigurationPlatforms) = preSolution
		Debug|Any CPU = Debug|Any CPU
		Release|Any CPU = Release|Any CPU
	EndGlobalSection
	GlobalSection(SolutionProperties) = preSolution
		HideSolutionNode = FALSE
	EndGlobalSection
	GlobalSection(ProjectConfigurationPlatforms) = postSolution
		{BABECDA1-FDD3-4C5F-9657-40B9014DA42D}.Debug|Any CPU.ActiveCfg = Debug|Any CPU
		{BABECDA1-FDD3-4C5F-9657-40B9014DA42D}.Debug|Any CPU.Build.0 = Debug|Any CPU
		{BABECDA1-FDD3-4C5F-9657-40B9014DA42D}.Release|Any CPU.ActiveCfg = Release|Any CPU
		{BABECDA1-FDD3-4C5F-9657-40B9014DA42D}.Release|Any CPU.Build.0 = Release|Any CPU
		{8142926E-8E67-414C-BC8D-7D4553886EE0}.Debug|Any CPU.ActiveCfg = Debug|Any CPU
		{8142926E-8E67-414C-BC8D-7D4553886EE0}.Debug|Any CPU.Build.0 = Debug|Any CPU
		{8142926E-8E67-414C-BC8D-7D4553886EE0}.Release|Any CPU.ActiveCfg = Release|Any CPU
		{8142926E-8E67-414C-BC8D-7D4553886EE0}.Release|Any CPU.Build.0 = Release|Any CPU
		{A5353BC7-D53C-4A0B-839D-5762ABB0C776}.Debug|Any CPU.ActiveCfg = Debug|Any CPU
		{A5353BC7-D53C-4A0B-839D-5762ABB0C776}.Debug|Any CPU.Build.0 = Debug|Any CPU
		{A5353BC7-D53C-4A0B-839D-5762ABB0C776}.Release|Any CPU.ActiveCfg = Release|Any CPU
		{A5353BC7-D53C-4A0B-839D-5762ABB0C776}.Release|Any CPU.Build.0 = Release|Any CPU
		{F3692FF0-D2F5-44E3-BD60-7DA8863FE22F}.Debug|Any CPU.ActiveCfg = Debug|Any CPU
		{F3692FF0-D2F5-44E3-BD60-7DA8863FE22F}.Debug|Any CPU.Build.0 = Debug|Any CPU
		{F3692FF0-D2F5-44E3-BD60-7DA8863FE22F}.Release|Any CPU.ActiveCfg = Release|Any CPU
		{F3692FF0-D2F5-44E3-BD60-7DA8863FE22F}.Release|Any CPU.Build.0 = Release|Any CPU
	EndGlobalSection
	GlobalSection(NestedProjects) = preSolution
		{BABECDA1-FDD3-4C5F-9657-40B9014DA42D} = {FB544BBE-FA78-4FE6-A96C-1AC6CDA6CD66}
		{8142926E-8E67-414C-BC8D-7D4553886EE0} = {FB544BBE-FA78-4FE6-A96C-1AC6CDA6CD66}
		{A5353BC7-D53C-4A0B-839D-5762ABB0C776} = {FB544BBE-FA78-4FE6-A96C-1AC6CDA6CD66}
		{F3692FF0-D2F5-44E3-BD60-7DA8863FE22F} = {FB544BBE-FA78-4FE6-A96C-1AC6CDA6CD66}
	EndGlobalSection
EndGlobal
